
Microsoft Visual Studio Solution File, Format Version 12.00
# Visual Studio Version 16
VisualStudioVersion = 16.0.32802.440
MinimumVisualStudioVersion = 10.0.40219.1
Project("{9A19103F-16F7-4668-BE54-9A1E7A4F7556}") = "Want2Learn.BaseOperation", "Want2Learn.BaseOperation\Want2Learn.BaseOperation.csproj", "{17EEAEED-9EF4-433C-8DD2-AE1DC11CA784}"
EndProject
Project("{9A19103F-16F7-4668-BE54-9A1E7A4F7556}") = "Want2Learn.SeconProject", "Want2Learn.SeconProject\Want2Learn.SeconProject.csproj", "{FFE0F015-390E-46B0-9A01-15ADF1F8C5A3}"
EndProject
Project("{9A19103F-16F7-4668-BE54-9A1E7A4F7556}") = "Want2Learn.Conditionals", "Want2Learn.Conditionals\Want2Learn.Conditionals.csproj", "{F3A9FD99-6E7B-414F-A343-B86B04870E7A}"
EndProject
Project("{9A19103F-16F7-4668-BE54-9A1E7A4F7556}") = "Want2Learn.ClassStructEnums", "Want2Learn.ClassStructEnums\Want2Learn.ClassStructEnums.csproj", "{AA878A79-1740-4DFF-8652-4EF18FA31BD7}"
EndProject
Project("{9A19103F-16F7-4668-BE54-9A1E7A4F7556}") = "Want2Learn.Methods", "Want2Learn.Methods\Want2Learn.Methods.csproj", "{81CD550B-D6F6-40A8-8B2E-313556D73A94}"
EndProject
Project("{9A19103F-16F7-4668-BE54-9A1E7A4F7556}") = "Want2Learn.Cycles", "Want2Learn.Cycles\Want2Learn.Cycles.csproj", "{975CD2F4-778D-45DA-821A-991B88925E65}"
EndProject
Project("{9A19103F-16F7-4668-BE54-9A1E7A4F7556}") = "Want2Learn.Arrays", "Want2Learn.Arrays\Want2Learn.Arrays.csproj", "{E7CCEE35-7E15-43EA-A5E8-99F06B7903D0}"
EndProject
Project("{FAE04EC0-301F-11D3-BF4B-00C04F79EFBC}") = "Want2Learn.StringsCharsDateTimes", "Want2Learn.StringsCharsDateTimes\Want2Learn.StringsCharsDateTimes.csproj", "{AEE45EB1-AC8B-4467-B51C-3FC0D0D2410F}"
EndProject
Global
	GlobalSection(SolutionConfigurationPlatforms) = preSolution
		Debug|Any CPU = Debug|Any CPU
		Release|Any CPU = Release|Any CPU
	EndGlobalSection
	GlobalSection(ProjectConfigurationPlatforms) = postSolution
		{17EEAEED-9EF4-433C-8DD2-AE1DC11CA784}.Debug|Any CPU.ActiveCfg = Debug|Any CPU
		{17EEAEED-9EF4-433C-8DD2-AE1DC11CA784}.Debug|Any CPU.Build.0 = Debug|Any CPU
		{17EEAEED-9EF4-433C-8DD2-AE1DC11CA784}.Release|Any CPU.ActiveCfg = Release|Any CPU
		{17EEAEED-9EF4-433C-8DD2-AE1DC11CA784}.Release|Any CPU.Build.0 = Release|Any CPU
		{FFE0F015-390E-46B0-9A01-15ADF1F8C5A3}.Debug|Any CPU.ActiveCfg = Debug|Any CPU
		{FFE0F015-390E-46B0-9A01-15ADF1F8C5A3}.Debug|Any CPU.Build.0 = Debug|Any CPU
		{FFE0F015-390E-46B0-9A01-15ADF1F8C5A3}.Release|Any CPU.ActiveCfg = Release|Any CPU
		{FFE0F015-390E-46B0-9A01-15ADF1F8C5A3}.Release|Any CPU.Build.0 = Release|Any CPU
		{F3A9FD99-6E7B-414F-A343-B86B04870E7A}.Debug|Any CPU.ActiveCfg = Debug|Any CPU
		{F3A9FD99-6E7B-414F-A343-B86B04870E7A}.Debug|Any CPU.Build.0 = Debug|Any CPU
		{F3A9FD99-6E7B-414F-A343-B86B04870E7A}.Release|Any CPU.ActiveCfg = Release|Any CPU
		{F3A9FD99-6E7B-414F-A343-B86B04870E7A}.Release|Any CPU.Build.0 = Release|Any CPU
		{AA878A79-1740-4DFF-8652-4EF18FA31BD7}.Debug|Any CPU.ActiveCfg = Debug|Any CPU
		{AA878A79-1740-4DFF-8652-4EF18FA31BD7}.Debug|Any CPU.Build.0 = Debug|Any CPU
		{AA878A79-1740-4DFF-8652-4EF18FA31BD7}.Release|Any CPU.ActiveCfg = Release|Any CPU
		{AA878A79-1740-4DFF-8652-4EF18FA31BD7}.Release|Any CPU.Build.0 = Release|Any CPU
		{81CD550B-D6F6-40A8-8B2E-313556D73A94}.Debug|Any CPU.ActiveCfg = Debug|Any CPU
		{81CD550B-D6F6-40A8-8B2E-313556D73A94}.Debug|Any CPU.Build.0 = Debug|Any CPU
		{81CD550B-D6F6-40A8-8B2E-313556D73A94}.Release|Any CPU.ActiveCfg = Release|Any CPU
		{81CD550B-D6F6-40A8-8B2E-313556D73A94}.Release|Any CPU.Build.0 = Release|Any CPU
		{975CD2F4-778D-45DA-821A-991B88925E65}.Debug|Any CPU.ActiveCfg = Debug|Any CPU
		{975CD2F4-778D-45DA-821A-991B88925E65}.Debug|Any CPU.Build.0 = Debug|Any CPU
		{975CD2F4-778D-45DA-821A-991B88925E65}.Release|Any CPU.ActiveCfg = Release|Any CPU
		{975CD2F4-778D-45DA-821A-991B88925E65}.Release|Any CPU.Build.0 = Release|Any CPU
		{E7CCEE35-7E15-43EA-A5E8-99F06B7903D0}.Debug|Any CPU.ActiveCfg = Debug|Any CPU
		{E7CCEE35-7E15-43EA-A5E8-99F06B7903D0}.Debug|Any CPU.Build.0 = Debug|Any CPU
		{E7CCEE35-7E15-43EA-A5E8-99F06B7903D0}.Release|Any CPU.ActiveCfg = Release|Any CPU
		{E7CCEE35-7E15-43EA-A5E8-99F06B7903D0}.Release|Any CPU.Build.0 = Release|Any CPU
		{AEE45EB1-AC8B-4467-B51C-3FC0D0D2410F}.Debug|Any CPU.ActiveCfg = Debug|Any CPU
		{AEE45EB1-AC8B-4467-B51C-3FC0D0D2410F}.Debug|Any CPU.Build.0 = Debug|Any CPU
		{AEE45EB1-AC8B-4467-B51C-3FC0D0D2410F}.Release|Any CPU.ActiveCfg = Release|Any CPU
		{AEE45EB1-AC8B-4467-B51C-3FC0D0D2410F}.Release|Any CPU.Build.0 = Release|Any CPU
	EndGlobalSection
	GlobalSection(SolutionProperties) = preSolution
		HideSolutionNode = FALSE
	EndGlobalSection
	GlobalSection(ExtensibilityGlobals) = postSolution
		SolutionGuid = {5F96CCCA-8ED1-4C92-BD9B-7850B91758AA}
	EndGlobalSection
EndGlobal
